github.com/DATA-DOG/go-sqlmock v1.3.3/go.mod h1:f/Ixk793poVmq4qj/V1dPUg2JEAKC73Q5eFN3EC/SaM=
github.com/bmf-san/gobel-api/app v0.0.0-20200407144824-d76103b67196/go.mod h1:Qni9iFsAzo8Y3eWJ8Sb3ypH1SIHNg2GVNWuAa/zVN5w=
github.com/bmf-san/goblin v0.0.0-20200105095952-e37989167161/go.mod h1:qXZgUT0V3TiFV043L16JFLw4gV2s0uaSFUEnW3TRMmQ=
github.com/bmf-san/goblin v0.0.0-20200812051731-4ca3dc28faa3 h1:eidWLsul6JXYNrV6zsVLeahcOnuS0khDy48wzfj4bqs=
github.com/bmf-san/goblin v0.0.0-20200812051731-4ca3dc28faa3/go.mod h1:/rc0S2icYigzs9pjMRyCfYj9xHEREpVKqll+6LLz15w=
github.com/bmf-san/golem v0.0.0-20200718182453-066c8e70e46e h1:WSywsXMGFUlb5LPQQ9C3diiL11keP+m59rPPz5ZnOo0=
github.com/bmf-san/golem v0.0.0-20200718182453-066c8e70e46e/go.mod h1:WO0mipXeyFiPkU+4uLuovMQtMZLf4VtrrJyXpdcZYoQ=
github.com/dgrijalva/jwt-go v3.2.0+incompatible/go.mod h1:E3ru+11k8xSBh+hMPgOLZmtrrCbhqsmaPHjLKYnJCaQ=
github.com/go-playground/assert/v2 v2.0.1 h1:MsBgLAaY856+nPRTKrp3/OZK38U/wa0CcBYNjji3q3A=
github.com/go-playground/assert/v2 v2.0.1/go.mod h1:VDjEfimB/XKnb+ZQfWdccd7VUvScMdVu0Titje2rxJ4=
github.com/go-sql-driver/mysql v1.4.1/go.mod h1:zAC/RDZ24gD3HViQzih4MyKcchzm+sOG5ZlKdlhCg5w=
github.com/golang/protobuf v1.3.1/go.mod h1:6lQm79b+lXiMfvg/cZm0SGofjICqVBUtrP5yJMmIC1U=
github.com/pkg/errors v0.9.1 h1:FEBLx1zS214owpjy7qsBeixbURkuhQAwrK5UwLGTwt4=
github.com/pkg/errors v0.9.1/go.mod h1:bwawxfHBFNV+L2hUp1rHADufV3IMtnDRdf1r5NINEl0=
golang.org/x/crypto v0.0.0-20190308221718-c2843e01d9a2/go.mod h1:djNgcEr1/C05ACkg1iLfiJU5Ep61QUkGW8qpdssI0+w=
golang.org/x/net v0.0.0-20190603091049-60506f45cf65/go.mod h1:HSz+uSET+XFnRR8LxR5pz3Of3rY3CfYBVs4xY44aLks=
golang.org/x/sys v0.0.0-20190215142949-d0b11bdaac8a/go.mod h1:STP8DvDyc/dI5b8T5hshtkjS+E42TnysNCUPdjciGhY=
golang.org/x/text v0.3.0/go.mod h1:NqM8EUOU14njkJ3fqMW+pc6Ldnwhi/IjpwHt7yyuwOQ=
golang.org/x/text v0.3.2/go.mod h1:bEr9sfX3Q8Zfm5fL9x+3itogRgK3+ptLWKqgva+5dAk=
golang.org/x/tools v0.0.0-20180917221912-90fa682c2a6e/go.mod h1:n7NCudcB/nEzxVGmLbDWY5pfWTLqBcC2KZ6jyYvM4mQ=
google.golang.org/appengine v1.6.5/go.mod h1:8WjMMxjGQR8xUklV/ARdw2HLXBOI7O7uCIDZVag1xfc=
