github.com/bmf-san/goblin v0.0.0-20220803014351-7290b2e17c5e h1:DcbQWevrYzfI+D7SJuK+YggbUByp2aP7TGlFmru6aqg=
github.com/bmf-san/goblin v0.0.0-20220803014351-7290b2e17c5e/go.mod h1:/zoFMy/CFURR5N5AHbIwFPf/3fZs3VzovMZKuQ40r2s=
github.com/bmf-san/golem v0.0.0-20210221133857-7ecb33f0ca76 h1:eZRVFcQ82z1uPDYQzI71M5zXwpjvrD3tLy+uc0txC6E=
github.com/bmf-san/golem v0.0.0-20210221133857-7ecb33f0ca76/go.mod h1:v2YJqaEietOXsYUQVOJeBNIxAGrn4GCeWbfpVzAndRE=
